
Microsoft Visual Studio Solution File, Format Version 12.00
# Visual Studio Version 17
VisualStudioVersion = 17.8.34330.188
MinimumVisualStudioVersion = 10.0.40219.1
Project("{FAE04EC0-301F-11D3-BF4B-00C04F79EFBC}") = "botun2", "botun2\botun2.csproj", "{460D9B5D-5DB5-42F4-9010-E7CA4CE2C42F}"
EndProject
Global
	GlobalSection(SolutionConfigurationPlatforms) = preSolution
		Debug|Any CPU = Debug|Any CPU
		Release|Any CPU = Release|Any CPU
	EndGlobalSection
	GlobalSection(ProjectConfigurationPlatforms) = postSolution
		{460D9B5D-5DB5-42F4-9010-E7CA4CE2C42F}.Debug|Any CPU.ActiveCfg = Debug|Any CPU
		{460D9B5D-5DB5-42F4-9010-E7CA4CE2C42F}.Debug|Any CPU.Build.0 = Debug|Any CPU
		{460D9B5D-5DB5-42F4-9010-E7CA4CE2C42F}.Release|Any CPU.ActiveCfg = Release|Any CPU
		{460D9B5D-5DB5-42F4-9010-E7CA4CE2C42F}.Release|Any CPU.Build.0 = Release|Any CPU
	EndGlobalSection
	GlobalSection(SolutionProperties) = preSolution
		HideSolutionNode = FALSE
	EndGlobalSection
	GlobalSection(ExtensibilityGlobals) = postSolution
		SolutionGuid = {FD29DE7C-0110-46A2-97B3-B3318B4397B0}
	EndGlobalSection
EndGlobal
